# THIS IS AN AUTOGENERATED FILE. DO NOT EDIT THIS FILE DIRECTLY.
# yarn lockfile v1


three@^0.132.2:
  version "0.132.2"
  resolved "https://registry.yarnpkg.com/three/-/three-0.132.2.tgz#95eb1856147237c03e887cbbe56f964b6fb40b5e"
  integrity sha512-0wcR7LxxkXMn6Gi58gEs3QvY8WpTVXA31L2VOvpjm4ZPYFRHCZC13UqynheFoS5OXDYgtBneN0dhbaNBE8iLhQ==
